// !$*UTF8*$!
{
	archiveVersion = 1;
	classes = {
	};
	objectVersion = 46;
	objects = {

/* Begin PBXBuildFile section */
		251FAA561AA08F07000F2C87 /* CocoaLumberjackSwift.swift in Sources */ = {isa = PBXBuildFile; fileRef = 251FAA531AA08F07000F2C87 /* CocoaLumberjackSwift.swift */; };
		251FAA591AA0B50D000F2C87 /* DTILogFormatter.swift in Sources */ = {isa = PBXBuildFile; fileRef = 251FAA581AA0B50C000F2C87 /* DTILogFormatter.swift */; };
		254232491A9A4BD7002A1D9B /* AppDelegate.swift in Sources */ = {isa = PBXBuildFile; fileRef = 254232481A9A4BD7002A1D9B /* AppDelegate.swift */; };
		2542324E1A9A4BD7002A1D9B /* Main.storyboard in Resources */ = {isa = PBXBuildFile; fileRef = 2542324C1A9A4BD7002A1D9B /* Main.storyboard */; };
		254232501A9A4BD7002A1D9B /* Images.xcassets in Resources */ = {isa = PBXBuildFile; fileRef = 2542324F1A9A4BD7002A1D9B /* Images.xcassets */; };
		254232531A9A4BD7002A1D9B /* LaunchScreen.xib in Resources */ = {isa = PBXBuildFile; fileRef = 254232511A9A4BD7002A1D9B /* LaunchScreen.xib */; };
		2542325F1A9A4BD7002A1D9B /* cpasbienTests.swift in Sources */ = {isa = PBXBuildFile; fileRef = 2542325E1A9A4BD7002A1D9B /* cpasbienTests.swift */; };
		2542326A1A9A5129002A1D9B /* SearchListVc.swift in Sources */ = {isa = PBXBuildFile; fileRef = 254232691A9A5129002A1D9B /* SearchListVc.swift */; };
		2542326C1A9A51CD002A1D9B /* Error.swift in Sources */ = {isa = PBXBuildFile; fileRef = 2542326B1A9A51CD002A1D9B /* Error.swift */; };
		2542326E1A9A51FC002A1D9B /* Failable.swift in Sources */ = {isa = PBXBuildFile; fileRef = 2542326D1A9A51FC002A1D9B /* Failable.swift */; };
		254232701A9A5312002A1D9B /* Request.swift in Sources */ = {isa = PBXBuildFile; fileRef = 2542326F1A9A5312002A1D9B /* Request.swift */; };
		254232721A9A5451002A1D9B /* Connect.swift in Sources */ = {isa = PBXBuildFile; fileRef = 254232711A9A5451002A1D9B /* Connect.swift */; };
		2546AA881A9A687E00E0287B /* SearchListVcCell.swift in Sources */ = {isa = PBXBuildFile; fileRef = 2546AA871A9A687E00E0287B /* SearchListVcCell.swift */; };
		254CC8F31AB43E260005D581 /* Configuration.swift in Sources */ = {isa = PBXBuildFile; fileRef = 254CC8F21AB43E260005D581 /* Configuration.swift */; };
		2550A9DC1A9FC057004787D2 /* NSDate+Extension.swift in Sources */ = {isa = PBXBuildFile; fileRef = 2550A9DB1A9FC057004787D2 /* NSDate+Extension.swift */; };
		2550A9DE1A9FC857004787D2 /* TorrentItem.swift in Sources */ = {isa = PBXBuildFile; fileRef = 2550A9DD1A9FC857004787D2 /* TorrentItem.swift */; };
		255553431AA0C87D003E5107 /* RearListVc.swift in Sources */ = {isa = PBXBuildFile; fileRef = 255553421AA0C87D003E5107 /* RearListVc.swift */; };
		255553491AA0D393003E5107 /* CoreGraphics.framework in Frameworks */ = {isa = PBXBuildFile; fileRef = 255553481AA0D393003E5107 /* CoreGraphics.framework */; };
		2576BD3A1A9E7B3800E98F64 /* TorrentListVc.swift in Sources */ = {isa = PBXBuildFile; fileRef = 2576BD391A9E7B3800E98F64 /* TorrentListVc.swift */; };
		25955EF71A9FB0AD001AE446 /* SearchItem.swift in Sources */ = {isa = PBXBuildFile; fileRef = 25955EF61A9FB0AD001AE446 /* SearchItem.swift */; };
		25A94B701AAA540800B451AA /* PullToRefreshView.swift in Sources */ = {isa = PBXBuildFile; fileRef = 25A94B6F1AAA540800B451AA /* PullToRefreshView.swift */; };
		25AE83941AA3C64900D2195E /* SynoVc.swift in Sources */ = {isa = PBXBuildFile; fileRef = 25AE83931AA3C64900D2195E /* SynoVc.swift */; };
		25B67FE01AA30197002DC89F /* Tools.swift in Sources */ = {isa = PBXBuildFile; fileRef = 25B67FDF1AA30197002DC89F /* Tools.swift */; };
		25CA181B1AA1BE9A001A80B3 /* UIViewController+Extension.swift in Sources */ = {isa = PBXBuildFile; fileRef = 25CA181A1AA1BE9A001A80B3 /* UIViewController+Extension.swift */; };
		25CA181D1AA1C3D5001A80B3 /* HomeVc.swift in Sources */ = {isa = PBXBuildFile; fileRef = 25CA181C1AA1C3D5001A80B3 /* HomeVc.swift */; };
		25CA181F1AA1DE54001A80B3 /* MainObject.swift in Sources */ = {isa = PBXBuildFile; fileRef = 25CA181E1AA1DE54001A80B3 /* MainObject.swift */; };
		25CA18211AA1DF12001A80B3 /* UIColor+Extension.swift in Sources */ = {isa = PBXBuildFile; fileRef = 25CA18201AA1DF12001A80B3 /* UIColor+Extension.swift */; };
		25CA18231AA1EDF1001A80B3 /* RearListVcCell.swift in Sources */ = {isa = PBXBuildFile; fileRef = 25CA18221AA1EDF1001A80B3 /* RearListVcCell.swift */; };
		25CA18251AA21F78001A80B3 /* NewSearchVc.swift in Sources */ = {isa = PBXBuildFile; fileRef = 25CA18241AA21F78001A80B3 /* NewSearchVc.swift */; };
		25CE5CAB1A9FD2CB00891AA5 /* TorrentListVcCell.swift in Sources */ = {isa = PBXBuildFile; fileRef = 25CE5CAA1A9FD2CB00891AA5 /* TorrentListVcCell.swift */; };
		25D121481AB5D879008E9E7F /* DownloadsVc.swift in Sources */ = {isa = PBXBuildFile; fileRef = 25D121471AB5D879008E9E7F /* DownloadsVc.swift */; };
		25D1214A1AB5DDB1008E9E7F /* SynoPathItem.swift in Sources */ = {isa = PBXBuildFile; fileRef = 25D121491AB5DDB1008E9E7F /* SynoPathItem.swift */; };
		25D1214C1AB5E7F0008E9E7F /* DownloadsVcCell.swift in Sources */ = {isa = PBXBuildFile; fileRef = 25D1214B1AB5E7F0008E9E7F /* DownloadsVcCell.swift */; };
		54BFB0E5C4636632526AC1C2 /* Pods_cpasbien.framework in Frameworks */ = {isa = PBXBuildFile; fileRef = 95C3E79E4E718FB95ECD4672 /* Pods_cpasbien.framework */; settings = {ATTRIBUTES = (Weak, ); }; };
/* End PBXBuildFile section */

/* Begin PBXContainerItemProxy section */
		254232591A9A4BD7002A1D9B /* PBXContainerItemProxy */ = {
			isa = PBXContainerItemProxy;
			containerPortal = 2542323B1A9A4BD7002A1D9B /* Project object */;
			proxyType = 1;
			remoteGlobalIDString = 254232421A9A4BD7002A1D9B;
			remoteInfo = cpasbien;
		};
/* End PBXContainerItemProxy section */

/* Begin PBXFileReference section */
		251FAA531AA08F07000F2C87 /* CocoaLumberjackSwift.swift */ = {isa = PBXFileReference; fileEncoding = 4; lastKnownFileType = sourcecode.swift; path = CocoaLumberjackSwift.swift; sourceTree = "<group>"; };
		251FAA581AA0B50C000F2C87 /* DTILogFormatter.swift */ = {isa = PBXFileReference; fileEncoding = 4; lastKnownFileType = sourcecode.swift; path = DTILogFormatter.swift; sourceTree = "<group>"; };
		254232431A9A4BD7002A1D9B /* cpasbien.app */ = {isa = PBXFileReference; explicitFileType = wrapper.application; includeInIndex = 0; path = cpasbien.app; sourceTree = BUILT_PRODUCTS_DIR; };
		254232471A9A4BD7002A1D9B /* Info.plist */ = {isa = PBXFileReference; lastKnownFileType = text.plist.xml; path = Info.plist; sourceTree = "<group>"; };
		254232481A9A4BD7002A1D9B /* AppDelegate.swift */ = {isa = PBXFileReference; lastKnownFileType = sourcecode.swift; path = AppDelegate.swift; sourceTree = "<group>"; };
		2542324D1A9A4BD7002A1D9B /* Base */ = {isa = PBXFileReference; lastKnownFileType = file.storyboard; name = Base; path = Base.lproj/Main.storyboard; sourceTree = "<group>"; };
		2542324F1A9A4BD7002A1D9B /* Images.xcassets */ = {isa = PBXFileReference; lastKnownFileType = folder.assetcatalog; path = Images.xcassets; sourceTree = "<group>"; };
		254232521A9A4BD7002A1D9B /* Base */ = {isa = PBXFileReference; lastKnownFileType = file.xib; name = Base; path = Base.lproj/LaunchScreen.xib; sourceTree = "<group>"; };
		254232581A9A4BD7002A1D9B /* cpasbienTests.xctest */ = {isa = PBXFileReference; explicitFileType = wrapper.cfbundle; includeInIndex = 0; path = cpasbienTests.xctest; sourceTree = BUILT_PRODUCTS_DIR; };
		2542325D1A9A4BD7002A1D9B /* Info.plist */ = {isa = PBXFileReference; lastKnownFileType = text.plist.xml; path = Info.plist; sourceTree = "<group>"; };
		2542325E1A9A4BD7002A1D9B /* cpasbienTests.swift */ = {isa = PBXFileReference; lastKnownFileType = sourcecode.swift; path = cpasbienTests.swift; sourceTree = "<group>"; };
		254232691A9A5129002A1D9B /* SearchListVc.swift */ = {isa = PBXFileReference; fileEncoding = 4; lastKnownFileType = sourcecode.swift; path = SearchListVc.swift; sourceTree = "<group>"; };
		2542326B1A9A51CD002A1D9B /* Error.swift */ = {isa = PBXFileReference; fileEncoding = 4; lastKnownFileType = sourcecode.swift; path = Error.swift; sourceTree = "<group>"; };
		2542326D1A9A51FC002A1D9B /* Failable.swift */ = {isa = PBXFileReference; fileEncoding = 4; lastKnownFileType = sourcecode.swift; path = Failable.swift; sourceTree = "<group>"; };
		2542326F1A9A5312002A1D9B /* Request.swift */ = {isa = PBXFileReference; fileEncoding = 4; lastKnownFileType = sourcecode.swift; path = Request.swift; sourceTree = "<group>"; };
		254232711A9A5451002A1D9B /* Connect.swift */ = {isa = PBXFileReference; fileEncoding = 4; lastKnownFileType = sourcecode.swift; path = Connect.swift; sourceTree = "<group>"; };
		2546AA871A9A687E00E0287B /* SearchListVcCell.swift */ = {isa = PBXFileReference; fileEncoding = 4; lastKnownFileType = sourcecode.swift; path = SearchListVcCell.swift; sourceTree = "<group>"; };
		254CC8F21AB43E260005D581 /* Configuration.swift */ = {isa = PBXFileReference; fileEncoding = 4; lastKnownFileType = sourcecode.swift; path = Configuration.swift; sourceTree = "<group>"; };
		2550A9DB1A9FC057004787D2 /* NSDate+Extension.swift */ = {isa = PBXFileReference; fileEncoding = 4; lastKnownFileType = sourcecode.swift; path = "NSDate+Extension.swift"; sourceTree = "<group>"; };
		2550A9DD1A9FC857004787D2 /* TorrentItem.swift */ = {isa = PBXFileReference; fileEncoding = 4; lastKnownFileType = sourcecode.swift; path = TorrentItem.swift; sourceTree = "<group>"; };
		255553421AA0C87D003E5107 /* RearListVc.swift */ = {isa = PBXFileReference; fileEncoding = 4; lastKnownFileType = sourcecode.swift; path = RearListVc.swift; sourceTree = "<group>"; };
		255553441AA0CF58003E5107 /* cpasbien-Bridging-Header.h */ = {isa = PBXFileReference; lastKnownFileType = sourcecode.c.h; path = "cpasbien-Bridging-Header.h"; sourceTree = "<group>"; };
		255553481AA0D393003E5107 /* CoreGraphics.framework */ = {isa = PBXFileReference; lastKnownFileType = wrapper.framework; name = CoreGraphics.framework; path = System/Library/Frameworks/CoreGraphics.framework; sourceTree = SDKROOT; };
		2576BD391A9E7B3800E98F64 /* TorrentListVc.swift */ = {isa = PBXFileReference; fileEncoding = 4; lastKnownFileType = sourcecode.swift; path = TorrentListVc.swift; sourceTree = "<group>"; };
		25955EF61A9FB0AD001AE446 /* SearchItem.swift */ = {isa = PBXFileReference; fileEncoding = 4; lastKnownFileType = sourcecode.swift; path = SearchItem.swift; sourceTree = "<group>"; };
		25A94B6F1AAA540800B451AA /* PullToRefreshView.swift */ = {isa = PBXFileReference; fileEncoding = 4; lastKnownFileType = sourcecode.swift; path = PullToRefreshView.swift; sourceTree = "<group>"; };
		25AE83931AA3C64900D2195E /* SynoVc.swift */ = {isa = PBXFileReference; fileEncoding = 4; lastKnownFileType = sourcecode.swift; path = SynoVc.swift; sourceTree = "<group>"; };
		25B67FDF1AA30197002DC89F /* Tools.swift */ = {isa = PBXFileReference; fileEncoding = 4; lastKnownFileType = sourcecode.swift; path = Tools.swift; sourceTree = "<group>"; };
		25CA181A1AA1BE9A001A80B3 /* UIViewController+Extension.swift */ = {isa = PBXFileReference; fileEncoding = 4; lastKnownFileType = sourcecode.swift; path = "UIViewController+Extension.swift"; sourceTree = "<group>"; };
		25CA181C1AA1C3D5001A80B3 /* HomeVc.swift */ = {isa = PBXFileReference; fileEncoding = 4; lastKnownFileType = sourcecode.swift; path = HomeVc.swift; sourceTree = "<group>"; };
		25CA181E1AA1DE54001A80B3 /* MainObject.swift */ = {isa = PBXFileReference; fileEncoding = 4; lastKnownFileType = sourcecode.swift; path = MainObject.swift; sourceTree = "<group>"; };
		25CA18201AA1DF12001A80B3 /* UIColor+Extension.swift */ = {isa = PBXFileReference; fileEncoding = 4; lastKnownFileType = sourcecode.swift; path = "UIColor+Extension.swift"; sourceTree = "<group>"; };
		25CA18221AA1EDF1001A80B3 /* RearListVcCell.swift */ = {isa = PBXFileReference; fileEncoding = 4; lastKnownFileType = sourcecode.swift; path = RearListVcCell.swift; sourceTree = "<group>"; };
		25CA18241AA21F78001A80B3 /* NewSearchVc.swift */ = {isa = PBXFileReference; fileEncoding = 4; lastKnownFileType = sourcecode.swift; path = NewSearchVc.swift; sourceTree = "<group>"; };
		25CE5CAA1A9FD2CB00891AA5 /* TorrentListVcCell.swift */ = {isa = PBXFileReference; fileEncoding = 4; lastKnownFileType = sourcecode.swift; path = TorrentListVcCell.swift; sourceTree = "<group>"; };
		25D121471AB5D879008E9E7F /* DownloadsVc.swift */ = {isa = PBXFileReference; fileEncoding = 4; lastKnownFileType = sourcecode.swift; path = DownloadsVc.swift; sourceTree = "<group>"; };
		25D121491AB5DDB1008E9E7F /* SynoPathItem.swift */ = {isa = PBXFileReference; fileEncoding = 4; lastKnownFileType = sourcecode.swift; path = SynoPathItem.swift; sourceTree = "<group>"; };
		25D1214B1AB5E7F0008E9E7F /* DownloadsVcCell.swift */ = {isa = PBXFileReference; fileEncoding = 4; lastKnownFileType = sourcecode.swift; path = DownloadsVcCell.swift; sourceTree = "<group>"; };
		95C3E79E4E718FB95ECD4672 /* Pods_cpasbien.framework */ = {isa = PBXFileReference; explicitFileType = wrapper.framework; includeInIndex = 0; path = Pods_cpasbien.framework; sourceTree = BUILT_PRODUCTS_DIR; };
		C2F7149425F2C57B91CCDFCB /* Pods-cpasbien.debug.xcconfig */ = {isa = PBXFileReference; includeInIndex = 1; lastKnownFileType = text.xcconfig; name = "Pods-cpasbien.debug.xcconfig"; path = "Pods/Target Support Files/Pods-cpasbien/Pods-cpasbien.debug.xcconfig"; sourceTree = "<group>"; };
		CA4D1B4737C8B312846B70B3 /* Pods-cpasbien.release.xcconfig */ = {isa = PBXFileReference; includeInIndex = 1; lastKnownFileType = text.xcconfig; name = "Pods-cpasbien.release.xcconfig"; path = "Pods/Target Support Files/Pods-cpasbien/Pods-cpasbien.release.xcconfig"; sourceTree = "<group>"; };
		D937B264428B72995C32A03D /* Pods-cpasbien.debuglocal.xcconfig */ = {isa = PBXFileReference; includeInIndex = 1; lastKnownFileType = text.xcconfig; name = "Pods-cpasbien.debuglocal.xcconfig"; path = "Pods/Target Support Files/Pods-cpasbien/Pods-cpasbien.debuglocal.xcconfig"; sourceTree = "<group>"; };
/* End PBXFileReference section */

/* Begin PBXFrameworksBuildPhase section */
		254232401A9A4BD7002A1D9B /* Frameworks */ = {
			isa = PBXFrameworksBuildPhase;
			buildActionMask = 2147483647;
			files = (
				255553491AA0D393003E5107 /* CoreGraphics.framework in Frameworks */,
				54BFB0E5C4636632526AC1C2 /* Pods_cpasbien.framework in Frameworks */,
			);
			runOnlyForDeploymentPostprocessing = 0;
		};
		254232551A9A4BD7002A1D9B /* Frameworks */ = {
			isa = PBXFrameworksBuildPhase;
			buildActionMask = 2147483647;
			files = (
			);
			runOnlyForDeploymentPostprocessing = 0;
		};
/* End PBXFrameworksBuildPhase section */

/* Begin PBXGroup section */
		251FAA521AA08F07000F2C87 /* CocoaLumberjack */ = {
			isa = PBXGroup;
			children = (
				251FAA531AA08F07000F2C87 /* CocoaLumberjackSwift.swift */,
			);
			path = CocoaLumberjack;
			sourceTree = "<group>";
		};
		2542323A1A9A4BD7002A1D9B = {
			isa = PBXGroup;
			children = (
				254232451A9A4BD7002A1D9B /* cpasbien */,
				2542325B1A9A4BD7002A1D9B /* cpasbienTests */,
				254232441A9A4BD7002A1D9B /* Products */,
				6642223CBDF3AD13DE86E9C3 /* Pods */,
				C54ACD9A0330F65DC8EE0657 /* Frameworks */,
			);
			sourceTree = "<group>";
		};
		254232441A9A4BD7002A1D9B /* Products */ = {
			isa = PBXGroup;
			children = (
				254232431A9A4BD7002A1D9B /* cpasbien.app */,
				254232581A9A4BD7002A1D9B /* cpasbienTests.xctest */,
			);
			name = Products;
			sourceTree = "<group>";
		};
		254232451A9A4BD7002A1D9B /* cpasbien */ = {
			isa = PBXGroup;
			children = (
				254CC8F21AB43E260005D581 /* Configuration.swift */,
				25955EF51A9FB093001AE446 /* Business */,
				254232681A9A4DA2002A1D9B /* Utils */,
				251FAA521AA08F07000F2C87 /* CocoaLumberjack */,
				254232481A9A4BD7002A1D9B /* AppDelegate.swift */,
				25D121471AB5D879008E9E7F /* DownloadsVc.swift */,
				25D1214B1AB5E7F0008E9E7F /* DownloadsVcCell.swift */,
				25CA181E1AA1DE54001A80B3 /* MainObject.swift */,
				254232691A9A5129002A1D9B /* SearchListVc.swift */,
				2546AA871A9A687E00E0287B /* SearchListVcCell.swift */,
				2576BD391A9E7B3800E98F64 /* TorrentListVc.swift */,
				25CE5CAA1A9FD2CB00891AA5 /* TorrentListVcCell.swift */,
				25CA181C1AA1C3D5001A80B3 /* HomeVc.swift */,
				25CA18241AA21F78001A80B3 /* NewSearchVc.swift */,
				255553421AA0C87D003E5107 /* RearListVc.swift */,
				25CA18221AA1EDF1001A80B3 /* RearListVcCell.swift */,
				25AE83931AA3C64900D2195E /* SynoVc.swift */,
				25A94B6F1AAA540800B451AA /* PullToRefreshView.swift */,
				2542324C1A9A4BD7002A1D9B /* Main.storyboard */,
				2542324F1A9A4BD7002A1D9B /* Images.xcassets */,
				254232511A9A4BD7002A1D9B /* LaunchScreen.xib */,
				254232461A9A4BD7002A1D9B /* Supporting Files */,
				255553441AA0CF58003E5107 /* cpasbien-Bridging-Header.h */,
			);
			path = cpasbien;
			sourceTree = "<group>";
		};
		254232461A9A4BD7002A1D9B /* Supporting Files */ = {
			isa = PBXGroup;
			children = (
				254232471A9A4BD7002A1D9B /* Info.plist */,
			);
			name = "Supporting Files";
			sourceTree = "<group>";
		};
		2542325B1A9A4BD7002A1D9B /* cpasbienTests */ = {
			isa = PBXGroup;
			children = (
				2542325E1A9A4BD7002A1D9B /* cpasbienTests.swift */,
				2542325C1A9A4BD7002A1D9B /* Supporting Files */,
			);
			path = cpasbienTests;
			sourceTree = "<group>";
		};
		2542325C1A9A4BD7002A1D9B /* Supporting Files */ = {
			isa = PBXGroup;
			children = (
				2542325D1A9A4BD7002A1D9B /* Info.plist */,
			);
			name = "Supporting Files";
			sourceTree = "<group>";
		};
		254232681A9A4DA2002A1D9B /* Utils */ = {
			isa = PBXGroup;
			children = (
				2542326B1A9A51CD002A1D9B /* Error.swift */,
				2542326D1A9A51FC002A1D9B /* Failable.swift */,
				2542326F1A9A5312002A1D9B /* Request.swift */,
				254232711A9A5451002A1D9B /* Connect.swift */,
				2550A9DB1A9FC057004787D2 /* NSDate+Extension.swift */,
				251FAA581AA0B50C000F2C87 /* DTILogFormatter.swift */,
				25CA181A1AA1BE9A001A80B3 /* UIViewController+Extension.swift */,
				25CA18201AA1DF12001A80B3 /* UIColor+Extension.swift */,
				25B67FDF1AA30197002DC89F /* Tools.swift */,
			);
			name = Utils;
			sourceTree = "<group>";
		};
		25955EF51A9FB093001AE446 /* Business */ = {
			isa = PBXGroup;
			children = (
				25955EF61A9FB0AD001AE446 /* SearchItem.swift */,
				2550A9DD1A9FC857004787D2 /* TorrentItem.swift */,
				25D121491AB5DDB1008E9E7F /* SynoPathItem.swift */,
			);
			name = Business;
			sourceTree = "<group>";
		};
		6642223CBDF3AD13DE86E9C3 /* Pods */ = {
			isa = PBXGroup;
			children = (
				C2F7149425F2C57B91CCDFCB /* Pods-cpasbien.debug.xcconfig */,
				CA4D1B4737C8B312846B70B3 /* Pods-cpasbien.release.xcconfig */,
				D937B264428B72995C32A03D /* Pods-cpasbien.debuglocal.xcconfig */,
			);
			name = Pods;
			sourceTree = "<group>";
		};
		C54ACD9A0330F65DC8EE0657 /* Frameworks */ = {
			isa = PBXGroup;
			children = (
				255553481AA0D393003E5107 /* CoreGraphics.framework */,
				95C3E79E4E718FB95ECD4672 /* Pods_cpasbien.framework */,
			);
			name = Frameworks;
			sourceTree = "<group>";
		};
/* End PBXGroup section */

/* Begin PBXNativeTarget section */
		254232421A9A4BD7002A1D9B /* cpasbien */ = {
			isa = PBXNativeTarget;
			buildConfigurationList = 254232621A9A4BD7002A1D9B /* Build configuration list for PBXNativeTarget "cpasbien" */;
			buildPhases = (
				B1631186D84546901AA61B59 /* Check Pods Manifest.lock */,
				2542323F1A9A4BD7002A1D9B /* Sources */,
				254232401A9A4BD7002A1D9B /* Frameworks */,
				254232411A9A4BD7002A1D9B /* Resources */,
				9919341422488A0360E32BEC /* Embed Pods Frameworks */,
				01CFEE7E74678AD33124A31F /* Copy Pods Resources */,
			);
			buildRules = (
			);
			dependencies = (
			);
			name = cpasbien;
			productName = cpasbien;
			productReference = 254232431A9A4BD7002A1D9B /* cpasbien.app */;
			productType = "com.apple.product-type.application";
		};
		254232571A9A4BD7002A1D9B /* cpasbienTests */ = {
			isa = PBXNativeTarget;
			buildConfigurationList = 254232651A9A4BD7002A1D9B /* Build configuration list for PBXNativeTarget "cpasbienTests" */;
			buildPhases = (
				254232541A9A4BD7002A1D9B /* Sources */,
				254232551A9A4BD7002A1D9B /* Frameworks */,
				254232561A9A4BD7002A1D9B /* Resources */,
			);
			buildRules = (
			);
			dependencies = (
				2542325A1A9A4BD7002A1D9B /* PBXTargetDependency */,
			);
			name = cpasbienTests;
			productName = cpasbienTests;
			productReference = 254232581A9A4BD7002A1D9B /* cpasbienTests.xctest */;
			productType = "com.apple.product-type.bundle.unit-test";
		};
/* End PBXNativeTarget section */

/* Begin PBXProject section */
		2542323B1A9A4BD7002A1D9B /* Project object */ = {
			isa = PBXProject;
			attributes = {
				LastUpgradeCheck = 0610;
				ORGANIZATIONNAME = dtissera;
				TargetAttributes = {
					254232421A9A4BD7002A1D9B = {
						CreatedOnToolsVersion = 6.1.1;
					};
					254232571A9A4BD7002A1D9B = {
						CreatedOnToolsVersion = 6.1.1;
						TestTargetID = 254232421A9A4BD7002A1D9B;
					};
				};
			};
			buildConfigurationList = 2542323E1A9A4BD7002A1D9B /* Build configuration list for PBXProject "cpasbien" */;
			compatibilityVersion = "Xcode 3.2";
			developmentRegion = English;
			hasScannedForEncodings = 0;
			knownRegions = (
				en,
				Base,
			);
			mainGroup = 2542323A1A9A4BD7002A1D9B;
			productRefGroup = 254232441A9A4BD7002A1D9B /* Products */;
			projectDirPath = "";
			projectRoot = "";
			targets = (
				254232421A9A4BD7002A1D9B /* cpasbien */,
				254232571A9A4BD7002A1D9B /* cpasbienTests */,
			);
		};
/* End PBXProject section */

/* Begin PBXResourcesBuildPhase section */
		254232411A9A4BD7002A1D9B /* Resources */ = {
			isa = PBXResourcesBuildPhase;
			buildActionMask = 2147483647;
			files = (
				2542324E1A9A4BD7002A1D9B /* Main.storyboard in Resources */,
				254232531A9A4BD7002A1D9B /* LaunchScreen.xib in Resources */,
				254232501A9A4BD7002A1D9B /* Images.xcassets in Resources */,
			);
			runOnlyForDeploymentPostprocessing = 0;
		};
		254232561A9A4BD7002A1D9B /* Resources */ = {
			isa = PBXResourcesBuildPhase;
			buildActionMask = 2147483647;
			files = (
			);
			runOnlyForDeploymentPostprocessing = 0;
		};
/* End PBXResourcesBuildPhase section */

/* Begin PBXShellScriptBuildPhase section */
		01CFEE7E74678AD33124A31F /* Copy Pods Resources */ = {
			isa = PBXShellScriptBuildPhase;
			buildActionMask = 2147483647;
			files = (
			);
			inputPaths = (
			);
			name = "Copy Pods Resources";
			outputPaths = (
			);
			runOnlyForDeploymentPostprocessing = 0;
			shellPath = /bin/sh;
			shellScript = "\"${SRCROOT}/Pods/Target Support Files/Pods-cpasbien/Pods-cpasbien-resources.sh\"\n";
			showEnvVarsInLog = 0;
		};
		9919341422488A0360E32BEC /* Embed Pods Frameworks */ = {
			isa = PBXShellScriptBuildPhase;
			buildActionMask = 2147483647;
			files = (
			);
			inputPaths = (
			);
			name = "Embed Pods Frameworks";
			outputPaths = (
			);
			runOnlyForDeploymentPostprocessing = 0;
			shellPath = /bin/sh;
			shellScript = "\"${SRCROOT}/Pods/Target Support Files/Pods-cpasbien/Pods-cpasbien-frameworks.sh\"\n";
			showEnvVarsInLog = 0;
		};
		B1631186D84546901AA61B59 /* Check Pods Manifest.lock */ = {
			isa = PBXShellScriptBuildPhase;
			buildActionMask = 2147483647;
			files = (
			);
			inputPaths = (
			);
			name = "Check Pods Manifest.lock";
			outputPaths = (
			);
			runOnlyForDeploymentPostprocessing = 0;
			shellPath = /bin/sh;
			shellScript = "diff \"${PODS_ROOT}/../Podfile.lock\" \"${PODS_ROOT}/Manifest.lock\" > /dev/null\nif [[ $? != 0 ]] ; then\n    cat << EOM\nerror: The sandbox is not in sync with the Podfile.lock. Run 'pod install' or update your CocoaPods installation.\nEOM\n    exit 1\nfi\n";
			showEnvVarsInLog = 0;
		};
/* End PBXShellScriptBuildPhase section */

/* Begin PBXSourcesBuildPhase section */
		2542323F1A9A4BD7002A1D9B /* Sources */ = {
			isa = PBXSourcesBuildPhase;
			buildActionMask = 2147483647;
			files = (
				25CA181B1AA1BE9A001A80B3 /* UIViewController+Extension.swift in Sources */,
				25CA18211AA1DF12001A80B3 /* UIColor+Extension.swift in Sources */,
				2550A9DE1A9FC857004787D2 /* TorrentItem.swift in Sources */,
				2542326C1A9A51CD002A1D9B /* Error.swift in Sources */,
				25A94B701AAA540800B451AA /* PullToRefreshView.swift in Sources */,
				2576BD3A1A9E7B3800E98F64 /* TorrentListVc.swift in Sources */,
				2546AA881A9A687E00E0287B /* SearchListVcCell.swift in Sources */,
				25CA18231AA1EDF1001A80B3 /* RearListVcCell.swift in Sources */,
				25B67FE01AA30197002DC89F /* Tools.swift in Sources */,
				25CA181D1AA1C3D5001A80B3 /* HomeVc.swift in Sources */,
				251FAA561AA08F07000F2C87 /* CocoaLumberjackSwift.swift in Sources */,
				254CC8F31AB43E260005D581 /* Configuration.swift in Sources */,
				255553431AA0C87D003E5107 /* RearListVc.swift in Sources */,
				25955EF71A9FB0AD001AE446 /* SearchItem.swift in Sources */,
				25CA18251AA21F78001A80B3 /* NewSearchVc.swift in Sources */,
				2550A9DC1A9FC057004787D2 /* NSDate+Extension.swift in Sources */,
				25D121481AB5D879008E9E7F /* DownloadsVc.swift in Sources */,
				254232701A9A5312002A1D9B /* Request.swift in Sources */,
				2542326E1A9A51FC002A1D9B /* Failable.swift in Sources */,
				251FAA591AA0B50D000F2C87 /* DTILogFormatter.swift in Sources */,
				254232721A9A5451002A1D9B /* Connect.swift in Sources */,
				25D1214A1AB5DDB1008E9E7F /* SynoPathItem.swift in Sources */,
				25CE5CAB1A9FD2CB00891AA5 /* TorrentListVcCell.swift in Sources */,
				25CA181F1AA1DE54001A80B3 /* MainObject.swift in Sources */,
				25D1214C1AB5E7F0008E9E7F /* DownloadsVcCell.swift in Sources */,
				2542326A1A9A5129002A1D9B /* SearchListVc.swift in Sources */,
				25AE83941AA3C64900D2195E /* SynoVc.swift in Sources */,
				254232491A9A4BD7002A1D9B /* AppDelegate.swift in Sources */,
			);
			runOnlyForDeploymentPostprocessing = 0;
		};
		254232541A9A4BD7002A1D9B /* Sources */ = {
			isa = PBXSourcesBuildPhase;
			buildActionMask = 2147483647;
			files = (
				2542325F1A9A4BD7002A1D9B /* cpasbienTests.swift in Sources */,
			);
			runOnlyForDeploymentPostprocessing = 0;
		};
/* End PBXSourcesBuildPhase section */

/* Begin PBXTargetDependency section */
		2542325A1A9A4BD7002A1D9B /* PBXTargetDependency */ = {
			isa = PBXTargetDependency;
			target = 254232421A9A4BD7002A1D9B /* cpasbien */;
			targetProxy = 254232591A9A4BD7002A1D9B /* PBXContainerItemProxy */;
		};
/* End PBXTargetDependency section */

/* Begin PBXVariantGroup section */
		2542324C1A9A4BD7002A1D9B /* Main.storyboard */ = {
			isa = PBXVariantGroup;
			children = (
				2542324D1A9A4BD7002A1D9B /* Base */,
			);
			name = Main.storyboard;
			sourceTree = "<group>";
		};
		254232511A9A4BD7002A1D9B /* LaunchScreen.xib */ = {
			isa = PBXVariantGroup;
			children = (
				254232521A9A4BD7002A1D9B /* Base */,
			);
			name = LaunchScreen.xib;
			sourceTree = "<group>";
		};
/* End PBXVariantGroup section */

/* Begin XCBuildConfiguration section */
		254232601A9A4BD7002A1D9B /* Debug */ = {
			isa = XCBuildConfiguration;
			buildSettings = {
				ALWAYS_SEARCH_USER_PATHS = NO;
				CLANG_CXX_LANGUAGE_STANDARD = "gnu++0x";
				CLANG_CXX_LIBRARY = "libc++";
				CLANG_ENABLE_MODULES = YES;
				CLANG_ENABLE_OBJC_ARC = YES;
				CLANG_WARN_BOOL_CONVERSION = YES;
				CLANG_WARN_CONSTANT_CONVERSION = YES;
				CLANG_WARN_DIRECT_OBJC_ISA_USAGE = YES_ERROR;
				CLANG_WARN_EMPTY_BODY = YES;
				CLANG_WARN_ENUM_CONVERSION = YES;
				CLANG_WARN_INT_CONVERSION = YES;
				CLANG_WARN_OBJC_ROOT_CLASS = YES_ERROR;
				CLANG_WARN_UNREACHABLE_CODE = YES;
				CLANG_WARN__DUPLICATE_METHOD_MATCH = YES;
				"CODE_SIGN_IDENTITY[sdk=iphoneos*]" = "iPhone Developer";
				COPY_PHASE_STRIP = NO;
				EMBEDDED_CONTENT_CONTAINS_SWIFT = YES;
				ENABLE_STRICT_OBJC_MSGSEND = YES;
				GCC_C_LANGUAGE_STANDARD = gnu99;
				GCC_DYNAMIC_NO_PIC = NO;
				GCC_OPTIMIZATION_LEVEL = 0;
				GCC_PREPROCESSOR_DEFINITIONS = (
					"DEBUG=1",
					"$(inherited)",
				);
				GCC_SYMBOLS_PRIVATE_EXTERN = NO;
				GCC_WARN_64_TO_32_BIT_CONVERSION = YES;
				GCC_WARN_ABOUT_RETURN_TYPE = YES_ERROR;
				GCC_WARN_UNDECLARED_SELECTOR = YES;
				GCC_WARN_UNINITIALIZED_AUTOS = YES_AGGRESSIVE;
				GCC_WARN_UNUSED_FUNCTION = YES;
				GCC_WARN_UNUSED_VARIABLE = YES;
				IPHONEOS_DEPLOYMENT_TARGET = 8.1;
				MTL_ENABLE_DEBUG_INFO = YES;
				ONLY_ACTIVE_ARCH = YES;
				OTHER_SWIFT_FLAGS = "$(inherited) -DDEBUG";
				SDKROOT = iphoneos;
				SWIFT_OPTIMIZATION_LEVEL = "-Onone";
			};
			name = Debug;
		};
		254232611A9A4BD7002A1D9B /* Release */ = {
			isa = XCBuildConfiguration;
			buildSettings = {
				ALWAYS_SEARCH_USER_PATHS = NO;
				CLANG_CXX_LANGUAGE_STANDARD = "gnu++0x";
				CLANG_CXX_LIBRARY = "libc++";
				CLANG_ENABLE_MODULES = YES;
				CLANG_ENABLE_OBJC_ARC = YES;
				CLANG_WARN_BOOL_CONVERSION = YES;
				CLANG_WARN_CONSTANT_CONVERSION = YES;
				CLANG_WARN_DIRECT_OBJC_ISA_USAGE = YES_ERROR;
				CLANG_WARN_EMPTY_BODY = YES;
				CLANG_WARN_ENUM_CONVERSION = YES;
				CLANG_WARN_INT_CONVERSION = YES;
				CLANG_WARN_OBJC_ROOT_CLASS = YES_ERROR;
				CLANG_WARN_UNREACHABLE_CODE = YES;
				CLANG_WARN__DUPLICATE_METHOD_MATCH = YES;
				"CODE_SIGN_IDENTITY[sdk=iphoneos*]" = "iPhone Developer";
				COPY_PHASE_STRIP = YES;
				EMBEDDED_CONTENT_CONTAINS_SWIFT = YES;
				ENABLE_NS_ASSERTIONS = NO;
				ENABLE_STRICT_OBJC_MSGSEND = YES;
				GCC_C_LANGUAGE_STANDARD = gnu99;
				GCC_WARN_64_TO_32_BIT_CONVERSION = YES;
				GCC_WARN_ABOUT_RETURN_TYPE = YES_ERROR;
				GCC_WARN_UNDECLARED_SELECTOR = YES;
				GCC_WARN_UNINITIALIZED_AUTOS = YES_AGGRESSIVE;
				GCC_WARN_UNUSED_FUNCTION = YES;
				GCC_WARN_UNUSED_VARIABLE = YES;
				IPHONEOS_DEPLOYMENT_TARGET = 8.1;
				MTL_ENABLE_DEBUG_INFO = NO;
				OTHER_SWIFT_FLAGS = "$(inherited)";
				SDKROOT = iphoneos;
				VALIDATE_PRODUCT = YES;
			};
			name = Release;
		};
		254232631A9A4BD7002A1D9B /* Debug */ = {
			isa = XCBuildConfiguration;
			baseConfigurationReference = C2F7149425F2C57B91CCDFCB /* Pods-cpasbien.debug.xcconfig */;
			buildSettings = {
				ASSETCATALOG_COMPILER_APPICON_NAME = AppIcon;
				CLANG_ENABLE_MODULES = YES;
				INFOPLIST_FILE = cpasbien/Info.plist;
				LD_RUNPATH_SEARCH_PATHS = "$(inherited) @executable_path/Frameworks";
				OTHER_SWIFT_FLAGS = "$(inherited) -DDEBUG";
				PRODUCT_NAME = "$(TARGET_NAME)";
				SWIFT_OBJC_BRIDGING_HEADER = "cpasbien/cpasbien-Bridging-Header.h";
				SWIFT_OPTIMIZATION_LEVEL = "-Onone";
			};
			name = Debug;
		};
		254232641A9A4BD7002A1D9B /* Release */ = {
			isa = XCBuildConfiguration;
			baseConfigurationReference = CA4D1B4737C8B312846B70B3 /* Pods-cpasbien.release.xcconfig */;
			buildSettings = {
				ASSETCATALOG_COMPILER_APPICON_NAME = AppIcon;
				CLANG_ENABLE_MODULES = YES;
				INFOPLIST_FILE = cpasbien/Info.plist;
				LD_RUNPATH_SEARCH_PATHS = "$(inherited) @executable_path/Frameworks";
				OTHER_SWIFT_FLAGS = "$(inherited)";
				PRODUCT_NAME = "$(TARGET_NAME)";
				SWIFT_OBJC_BRIDGING_HEADER = "cpasbien/cpasbien-Bridging-Header.h";
			};
			name = Release;
		};
		254232661A9A4BD7002A1D9B /* Debug */ = {
			isa = XCBuildConfiguration;
			buildSettings = {
				BUNDLE_LOADER = "$(TEST_HOST)";
				FRAMEWORK_SEARCH_PATHS = (
					"$(SDKROOT)/Developer/Library/Frameworks",
					"$(inherited)",
				);
				GCC_PREPROCESSOR_DEFINITIONS = (
					"DEBUG=1",
					"$(inherited)",
				);
				INFOPLIST_FILE = cpasbienTests/Info.plist;
				LD_RUNPATH_SEARCH_PATHS = "$(inherited) @executable_path/Frameworks @loader_path/Frameworks";
				PRODUCT_NAME = "$(TARGET_NAME)";
				TEST_HOST = "$(BUILT_PRODUCTS_DIR)/cpasbien.app/cpasbien";
			};
			name = Debug;
		};
		254232671A9A4BD7002A1D9B /* Release */ = {
			isa = XCBuildConfiguration;
			buildSettings = {
				BUNDLE_LOADER = "$(TEST_HOST)";
				FRAMEWORK_SEARCH_PATHS = (
					"$(SDKROOT)/Developer/Library/Frameworks",
					"$(inherited)",
				);
				INFOPLIST_FILE = cpasbienTests/Info.plist;
				LD_RUNPATH_SEARCH_PATHS = "$(inherited) @executable_path/Frameworks @loader_path/Frameworks";
				PRODUCT_NAME = "$(TARGET_NAME)";
				TEST_HOST = "$(BUILT_PRODUCTS_DIR)/cpasbien.app/cpasbien";
			};
			name = Release;
		};
		2576BD361A9E722A00E98F64 /* DebugLocal */ = {
			isa = XCBuildConfiguration;
			buildSettings = {
				ALWAYS_SEARCH_USER_PATHS = NO;
				CLANG_CXX_LANGUAGE_STANDARD = "gnu++0x";
				CLANG_CXX_LIBRARY = "libc++";
				CLANG_ENABLE_MODULES = YES;
				CLANG_ENABLE_OBJC_ARC = YES;
				CLANG_WARN_BOOL_CONVERSION = YES;
				CLANG_WARN_CONSTANT_CONVERSION = YES;
				CLANG_WARN_DIRECT_OBJC_ISA_USAGE = YES_ERROR;
				CLANG_WARN_EMPTY_BODY = YES;
				CLANG_WARN_ENUM_CONVERSION = YES;
				CLANG_WARN_INT_CONVERSION = YES;
				CLANG_WARN_OBJC_ROOT_CLASS = YES_ERROR;
				CLANG_WARN_UNREACHABLE_CODE = YES;
				CLANG_WARN__DUPLICATE_METHOD_MATCH = YES;
				"CODE_SIGN_IDENTITY[sdk=iphoneos*]" = "iPhone Developer";
				COPY_PHASE_STRIP = NO;
				EMBEDDED_CONTENT_CONTAINS_SWIFT = YES;
				ENABLE_STRICT_OBJC_MSGSEND = YES;
				GCC_C_LANGUAGE_STANDARD = gnu99;
				GCC_DYNAMIC_NO_PIC = NO;
				GCC_OPTIMIZATION_LEVEL = 0;
				GCC_PREPROCESSOR_DEFINITIONS = (
					"DEBUG=1",
					"$(inherited)",
				);
				GCC_SYMBOLS_PRIVATE_EXTERN = NO;
				GCC_WARN_64_TO_32_BIT_CONVERSION = YES;
				GCC_WARN_ABOUT_RETURN_TYPE = YES_ERROR;
				GCC_WARN_UNDECLARED_SELECTOR = YES;
				GCC_WARN_UNINITIALIZED_AUTOS = YES_AGGRESSIVE;
				GCC_WARN_UNUSED_FUNCTION = YES;
				GCC_WARN_UNUSED_VARIABLE = YES;
				IPHONEOS_DEPLOYMENT_TARGET = 8.1;
				MTL_ENABLE_DEBUG_INFO = YES;
				ONLY_ACTIVE_ARCH = YES;
				OTHER_SWIFT_FLAGS = "$(inherited) -DDEBUG -DLOCAL";
				SDKROOT = iphoneos;
				SWIFT_OPTIMIZATION_LEVEL = "-Onone";
			};
			name = DebugLocal;
		};
		2576BD371A9E722A00E98F64 /* DebugLocal */ = {
			isa = XCBuildConfiguration;
			baseConfigurationReference = D937B264428B72995C32A03D /* Pods-cpasbien.debuglocal.xcconfig */;
			buildSettings = {
				ASSETCATALOG_COMPILER_APPICON_NAME = AppIcon;
				CLANG_ENABLE_MODULES = YES;
				INFOPLIST_FILE = cpasbien/Info.plist;
				LD_RUNPATH_SEARCH_PATHS = "$(inherited) @executable_path/Frameworks";
				OTHER_SWIFT_FLAGS = "$(inherited) -DDEBUG -DLOCAL";
				PRODUCT_NAME = "$(TARGET_NAME)";
				SWIFT_OBJC_BRIDGING_HEADER = "cpasbien/cpasbien-Bridging-Header.h";
				SWIFT_OPTIMIZATION_LEVEL = "-Onone";
			};
			name = DebugLocal;
		};
		2576BD381A9E722A00E98F64 /* DebugLocal */ = {
			isa = XCBuildConfiguration;
			buildSettings = {
				BUNDLE_LOADER = "$(TEST_HOST)";
				FRAMEWORK_SEARCH_PATHS = (
					"$(SDKROOT)/Developer/Library/Frameworks",
					"$(inherited)",
				);
				GCC_PREPROCESSOR_DEFINITIONS = (
					"DEBUG=1",
					"$(inherited)",
				);
				INFOPLIST_FILE = cpasbienTests/Info.plist;
				LD_RUNPATH_SEARCH_PATHS = "$(inherited) @executable_path/Frameworks @loader_path/Frameworks";
				PRODUCT_NAME = "$(TARGET_NAME)";
				TEST_HOST = "$(BUILT_PRODUCTS_DIR)/cpasbien.app/cpasbien";
			};
			name = DebugLocal;
		};
/* End XCBuildConfiguration section */

/* Begin XCConfigurationList section */
		2542323E1A9A4BD7002A1D9B /* Build configuration list for PBXProject "cpasbien" */ = {
			isa = XCConfigurationList;
			buildConfigurations = (
				254232601A9A4BD7002A1D9B /* Debug */,
				2576BD361A9E722A00E98F64 /* DebugLocal */,
				254232611A9A4BD7002A1D9B /* Release */,
			);
			defaultConfigurationIsVisible = 0;
			defaultConfigurationName = Release;
		};
		254232621A9A4BD7002A1D9B /* Build configuration list for PBXNativeTarget "cpasbien" */ = {
			isa = XCConfigurationList;
			buildConfigurations = (
				254232631A9A4BD7002A1D9B /* Debug */,
				2576BD371A9E722A00E98F64 /* DebugLocal */,
				254232641A9A4BD7002A1D9B /* Release */,
			);
			defaultConfigurationIsVisible = 0;
			defaultConfigurationName = Release;
		};
		254232651A9A4BD7002A1D9B /* Build configuration list for PBXNativeTarget "cpasbienTests" */ = {
			isa = XCConfigurationList;
			buildConfigurations = (
				254232661A9A4BD7002A1D9B /* Debug */,
				2576BD381A9E722A00E98F64 /* DebugLocal */,
				254232671A9A4BD7002A1D9B /* Release */,
			);
			defaultConfigurationIsVisible = 0;
			defaultConfigurationName = Release;
		};
/* End XCConfigurationList section */
	};
	rootObject = 2542323B1A9A4BD7002A1D9B /* Project object */;
}
